
Microsoft Visual Studio Solution File, Format Version 12.00
# Visual Studio Version 17
VisualStudioVersion = 17.3.32929.385
MinimumVisualStudioVersion = 10.0.40219.1
Project("{FAE04EC0-301F-11D3-BF4B-00C04F79EFBC}") = "HelloWorld", "HelloWorld\HelloWorld.csproj", "{C0822502-3F99-43C4-BE2B-258006106D5A}"
EndProject
Global
	GlobalSection(SolutionConfigurationPlatforms) = preSolution
		Debug|Any CPU = Debug|Any CPU
		Release|Any CPU = Release|Any CPU
	EndGlobalSection
	GlobalSection(ProjectConfigurationPlatforms) = postSolution
		{C0822502-3F99-43C4-BE2B-258006106D5A}.Debug|Any CPU.ActiveCfg = Debug|Any CPU
		{C0822502-3F99-43C4-BE2B-258006106D5A}.Debug|Any CPU.Build.0 = Debug|Any CPU
		{C0822502-3F99-43C4-BE2B-258006106D5A}.Release|Any CPU.ActiveCfg = Release|Any CPU
		{C0822502-3F99-43C4-BE2B-258006106D5A}.Release|Any CPU.Build.0 = Release|Any CPU
	EndGlobalSection
	GlobalSection(SolutionProperties) = preSolution
		HideSolutionNode = FALSE
	EndGlobalSection
	GlobalSection(ExtensibilityGlobals) = postSolution
		SolutionGuid = {EED8F4A3-2A26-4C29-9D7F-02FF1C5A5A80}
	EndGlobalSection
EndGlobal
